
Microsoft Visual Studio Solution File, Format Version 12.00
# Visual Studio Version 17
VisualStudioVersion = 17.1.32210.238
MinimumVisualStudioVersion = 10.0.40219.1
Project("{FAE04EC0-301F-11D3-BF4B-00C04F79EFBC}") = "GUI", "GUI\GUI.csproj", "{DD133204-B8FB-4B86-85D7-7B501B1E81F5}"
EndProject
Global
	GlobalSection(SolutionConfigurationPlatforms) = preSolution
		Debug|Any CPU = Debug|Any CPU
		Release|Any CPU = Release|Any CPU
	EndGlobalSection
	GlobalSection(ProjectConfigurationPlatforms) = postSolution
		{DD133204-B8FB-4B86-85D7-7B501B1E81F5}.Debug|Any CPU.ActiveCfg = Debug|Any CPU
		{DD133204-B8FB-4B86-85D7-7B501B1E81F5}.Debug|Any CPU.Build.0 = Debug|Any CPU
		{DD133204-B8FB-4B86-85D7-7B501B1E81F5}.Release|Any CPU.ActiveCfg = Release|Any CPU
		{DD133204-B8FB-4B86-85D7-7B501B1E81F5}.Release|Any CPU.Build.0 = Release|Any CPU
	EndGlobalSection
	GlobalSection(SolutionProperties) = preSolution
		HideSolutionNode = FALSE
	EndGlobalSection
	GlobalSection(ExtensibilityGlobals) = postSolution
		SolutionGuid = {E1F52BA8-C720-4838-826D-51C0E6FE1759}
	EndGlobalSection
EndGlobal
